
Microsoft Visual Studio Solution File, Format Version 12.00
# Visual Studio Version 17
VisualStudioVersion = 17.2.32616.157
MinimumVisualStudioVersion = 10.0.40219.1
Project("{FAE04EC0-301F-11D3-BF4B-00C04F79EFBC}") = "StaticExercise", "StaticExercise\StaticExercise.csproj", "{E2FE9CBB-385C-4E12-B673-2E5849C2A99D}"
EndProject
Global
	GlobalSection(SolutionConfigurationPlatforms) = preSolution
		Debug|Any CPU = Debug|Any CPU
		Release|Any CPU = Release|Any CPU
	EndGlobalSection
	GlobalSection(ProjectConfigurationPlatforms) = postSolution
		{E2FE9CBB-385C-4E12-B673-2E5849C2A99D}.Debug|Any CPU.ActiveCfg = Debug|Any CPU
		{E2FE9CBB-385C-4E12-B673-2E5849C2A99D}.Debug|Any CPU.Build.0 = Debug|Any CPU
		{E2FE9CBB-385C-4E12-B673-2E5849C2A99D}.Release|Any CPU.ActiveCfg = Release|Any CPU
		{E2FE9CBB-385C-4E12-B673-2E5849C2A99D}.Release|Any CPU.Build.0 = Release|Any CPU
	EndGlobalSection
	GlobalSection(SolutionProperties) = preSolution
		HideSolutionNode = FALSE
	EndGlobalSection
	GlobalSection(ExtensibilityGlobals) = postSolution
		SolutionGuid = {8818D80D-FC3E-478B-926B-D6ED84C2EA9D}
	EndGlobalSection
EndGlobal
